
Microsoft Visual Studio Solution File, Format Version 12.00
# Visual Studio Version 16
VisualStudioVersion = 16.0.29613.14
MinimumVisualStudioVersion = 10.0.40219.1
Project("{FAE04EC0-301F-11D3-BF4B-00C04F79EFBC}") = "ShoppingMall.API", "ShoppingMall\ShoppingMall.API.csproj", "{4CF60FEF-A703-40B2-8E7E-2D9FF90058E2}"
EndProject
Project("{FAE04EC0-301F-11D3-BF4B-00C04F79EFBC}") = "ShoppingMall.Model", "ShoppingMall.Model\ShoppingMall.Model.csproj", "{CC850827-029F-48F2-BBA0-97F8AA769F35}"
EndProject
Project("{FAE04EC0-301F-11D3-BF4B-00C04F79EFBC}") = "ShoppingMall.Common", "ShoppingMall.Common\ShoppingMall.Common.csproj", "{4B5E76A6-368E-4D55-A9BD-23DBD40F942B}"
EndProject
Project("{FAE04EC0-301F-11D3-BF4B-00C04F79EFBC}") = "ShoppingMall.IRepository", "ShoppingMall.IRepository\ShoppingMall.IRepository.csproj", "{B2F3A7FC-BED2-41D2-A28C-F440C79B9726}"
EndProject
Project("{FAE04EC0-301F-11D3-BF4B-00C04F79EFBC}") = "ShoppingMall.Repository", "ShoppingMall.Repository\ShoppingMall.Repository.csproj", "{54B0610C-5399-438E-BC77-A09E6DDE6129}"
EndProject
Project("{FAE04EC0-301F-11D3-BF4B-00C04F79EFBC}") = "ShoppingMall.IServices", "ShoppingMall.IServices\ShoppingMall.IServices.csproj", "{F9F8D0FB-1855-494E-84C9-487AAB4B76DB}"
EndProject
Project("{FAE04EC0-301F-11D3-BF4B-00C04F79EFBC}") = "ShoppingMall.Services", "ShoppingMall.Services\ShoppingMall.Services.csproj", "{D43AC248-392F-419B-A53D-C602B9991E83}"
EndProject
Project("{FAE04EC0-301F-11D3-BF4B-00C04F79EFBC}") = "ShoppingMall.Dto", "ShoppingMall.Dto\ShoppingMall.Dto.csproj", "{55BAA225-355E-46C2-8ED3-277B830794DA}"
EndProject
Global
	GlobalSection(SolutionConfigurationPlatforms) = preSolution
		Debug|Any CPU = Debug|Any CPU
		Release|Any CPU = Release|Any CPU
	EndGlobalSection
	GlobalSection(ProjectConfigurationPlatforms) = postSolution
		{4CF60FEF-A703-40B2-8E7E-2D9FF90058E2}.Debug|Any CPU.ActiveCfg = Debug|Any CPU
		{4CF60FEF-A703-40B2-8E7E-2D9FF90058E2}.Debug|Any CPU.Build.0 = Debug|Any CPU
		{4CF60FEF-A703-40B2-8E7E-2D9FF90058E2}.Release|Any CPU.ActiveCfg = Release|Any CPU
		{4CF60FEF-A703-40B2-8E7E-2D9FF90058E2}.Release|Any CPU.Build.0 = Release|Any CPU
		{CC850827-029F-48F2-BBA0-97F8AA769F35}.Debug|Any CPU.ActiveCfg = Debug|Any CPU
		{CC850827-029F-48F2-BBA0-97F8AA769F35}.Debug|Any CPU.Build.0 = Debug|Any CPU
		{CC850827-029F-48F2-BBA0-97F8AA769F35}.Release|Any CPU.ActiveCfg = Release|Any CPU
		{CC850827-029F-48F2-BBA0-97F8AA769F35}.Release|Any CPU.Build.0 = Release|Any CPU
		{4B5E76A6-368E-4D55-A9BD-23DBD40F942B}.Debug|Any CPU.ActiveCfg = Debug|Any CPU
		{4B5E76A6-368E-4D55-A9BD-23DBD40F942B}.Debug|Any CPU.Build.0 = Debug|Any CPU
		{4B5E76A6-368E-4D55-A9BD-23DBD40F942B}.Release|Any CPU.ActiveCfg = Release|Any CPU
		{4B5E76A6-368E-4D55-A9BD-23DBD40F942B}.Release|Any CPU.Build.0 = Release|Any CPU
		{B2F3A7FC-BED2-41D2-A28C-F440C79B9726}.Debug|Any CPU.ActiveCfg = Debug|Any CPU
		{B2F3A7FC-BED2-41D2-A28C-F440C79B9726}.Debug|Any CPU.Build.0 = Debug|Any CPU
		{B2F3A7FC-BED2-41D2-A28C-F440C79B9726}.Release|Any CPU.ActiveCfg = Release|Any CPU
		{B2F3A7FC-BED2-41D2-A28C-F440C79B9726}.Release|Any CPU.Build.0 = Release|Any CPU
		{54B0610C-5399-438E-BC77-A09E6DDE6129}.Debug|Any CPU.ActiveCfg = Debug|Any CPU
		{54B0610C-5399-438E-BC77-A09E6DDE6129}.Debug|Any CPU.Build.0 = Debug|Any CPU
		{54B0610C-5399-438E-BC77-A09E6DDE6129}.Release|Any CPU.ActiveCfg = Release|Any CPU
		{54B0610C-5399-438E-BC77-A09E6DDE6129}.Release|Any CPU.Build.0 = Release|Any CPU
		{F9F8D0FB-1855-494E-84C9-487AAB4B76DB}.Debug|Any CPU.ActiveCfg = Debug|Any CPU
		{F9F8D0FB-1855-494E-84C9-487AAB4B76DB}.Debug|Any CPU.Build.0 = Debug|Any CPU
		{F9F8D0FB-1855-494E-84C9-487AAB4B76DB}.Release|Any CPU.ActiveCfg = Release|Any CPU
		{F9F8D0FB-1855-494E-84C9-487AAB4B76DB}.Release|Any CPU.Build.0 = Release|Any CPU
		{D43AC248-392F-419B-A53D-C602B9991E83}.Debug|Any CPU.ActiveCfg = Debug|Any CPU
		{D43AC248-392F-419B-A53D-C602B9991E83}.Debug|Any CPU.Build.0 = Debug|Any CPU
		{D43AC248-392F-419B-A53D-C602B9991E83}.Release|Any CPU.ActiveCfg = Release|Any CPU
		{D43AC248-392F-419B-A53D-C602B9991E83}.Release|Any CPU.Build.0 = Release|Any CPU
		{55BAA225-355E-46C2-8ED3-277B830794DA}.Debug|Any CPU.ActiveCfg = Debug|Any CPU
		{55BAA225-355E-46C2-8ED3-277B830794DA}.Debug|Any CPU.Build.0 = Debug|Any CPU
		{55BAA225-355E-46C2-8ED3-277B830794DA}.Release|Any CPU.ActiveCfg = Release|Any CPU
		{55BAA225-355E-46C2-8ED3-277B830794DA}.Release|Any CPU.Build.0 = Release|Any CPU
	EndGlobalSection
	GlobalSection(SolutionProperties) = preSolution
		HideSolutionNode = FALSE
	EndGlobalSection
	GlobalSection(ExtensibilityGlobals) = postSolution
		SolutionGuid = {89FDCCC4-8477-4474-879D-E32DD5E1405C}
	EndGlobalSection
EndGlobal
